// !$*UTF8*$!
{
	archiveVersion = 1;
	classes = {
	};
	objectVersion = 53;
	objects = {

/* Begin PBXBuildFile section */
		6B9DDFD724AB2466004DC7C3 /* AppDelegate.swift in Sources */ = {isa = PBXBuildFile; fileRef = 6B9DDFD624AB2466004DC7C3 /* AppDelegate.swift */; };
		6B9DDFD924AB2466004DC7C3 /* SceneDelegate.swift in Sources */ = {isa = PBXBuildFile; fileRef = 6B9DDFD824AB2466004DC7C3 /* SceneDelegate.swift */; };
		6B9DDFDB24AB2466004DC7C3 /* AddBirthdayViewController.swift in Sources */ = {isa = PBXBuildFile; fileRef = 6B9DDFDA24AB2466004DC7C3 /* AddBirthdayViewController.swift */; };
		6B9DDFDE24AB2466004DC7C3 /* Main.storyboard in Resources */ = {isa = PBXBuildFile; fileRef = 6B9DDFDC24AB2466004DC7C3 /* Main.storyboard */; };
		6B9DDFE124AB2466004DC7C3 /* Birthday_Tracker.xcdatamodeld in Sources */ = {isa = PBXBuildFile; fileRef = 6B9DDFDF24AB2466004DC7C3 /* Birthday_Tracker.xcdatamodeld */; };
		6B9DDFE324AB2469004DC7C3 /* Assets.xcassets in Resources */ = {isa = PBXBuildFile; fileRef = 6B9DDFE224AB2469004DC7C3 /* Assets.xcassets */; };
		6B9DDFE624AB2469004DC7C3 /* LaunchScreen.storyboard in Resources */ = {isa = PBXBuildFile; fileRef = 6B9DDFE424AB2469004DC7C3 /* LaunchScreen.storyboard */; };
		6B9DDFF024AB3D15004DC7C3 /* BirthdaysTableViewController.swift in Sources */ = {isa = PBXBuildFile; fileRef = 6B9DDFEF24AB3D15004DC7C3 /* BirthdaysTableViewController.swift */; };
/* End PBXBuildFile section */

/* Begin PBXFileReference section */
		6B9DDFD324AB2466004DC7C3 /* Birthday Tracker.app */ = {isa = PBXFileReference; explicitFileType = wrapper.application; includeInIndex = 0; path = "Birthday Tracker.app"; sourceTree = BUILT_PRODUCTS_DIR; };
		6B9DDFD624AB2466004DC7C3 /* AppDelegate.swift */ = {isa = PBXFileReference; lastKnownFileType = sourcecode.swift; path = AppDelegate.swift; sourceTree = "<group>"; };
		6B9DDFD824AB2466004DC7C3 /* SceneDelegate.swift */ = {isa = PBXFileReference; lastKnownFileType = sourcecode.swift; path = SceneDelegate.swift; sourceTree = "<group>"; };
		6B9DDFDA24AB2466004DC7C3 /* AddBirthdayViewController.swift */ = {isa = PBXFileReference; lastKnownFileType = sourcecode.swift; path = AddBirthdayViewController.swift; sourceTree = "<group>"; };
		6B9DDFDD24AB2466004DC7C3 /* Base */ = {isa = PBXFileReference; lastKnownFileType = file.storyboard; name = Base; path = Base.lproj/Main.storyboard; sourceTree = "<group>"; };
		6B9DDFE024AB2466004DC7C3 /* Birthday_Tracker.xcdatamodel */ = {isa = PBXFileReference; lastKnownFileType = wrapper.xcdatamodel; path = Birthday_Tracker.xcdatamodel; sourceTree = "<group>"; };
		6B9DDFE224AB2469004DC7C3 /* Assets.xcassets */ = {isa = PBXFileReference; lastKnownFileType = folder.assetcatalog; path = Assets.xcassets; sourceTree = "<group>"; };
		6B9DDFE524AB2469004DC7C3 /* Base */ = {isa = PBXFileReference; lastKnownFileType = file.storyboard; name = Base; path = Base.lproj/LaunchScreen.storyboard; sourceTree = "<group>"; };
		6B9DDFE724AB2469004DC7C3 /* Info.plist */ = {isa = PBXFileReference; lastKnownFileType = text.plist.xml; path = Info.plist; sourceTree = "<group>"; };
		6B9DDFEF24AB3D15004DC7C3 /* BirthdaysTableViewController.swift */ = {isa = PBXFileReference; lastKnownFileType = sourcecode.swift; path = BirthdaysTableViewController.swift; sourceTree = "<group>"; };
/* End PBXFileReference section */

/* Begin PBXFrameworksBuildPhase section */
		6B9DDFD024AB2466004DC7C3 /* Frameworks */ = {
			isa = PBXFrameworksBuildPhase;
			buildActionMask = 2147483647;
			files = (
			);
			runOnlyForDeploymentPostprocessing = 0;
		};
/* End PBXFrameworksBuildPhase section */

/* Begin PBXGroup section */
		6B9DDFCA24AB2466004DC7C3 = {
			isa = PBXGroup;
			children = (
				6B9DDFD524AB2466004DC7C3 /* Birthday Tracker */,
				6B9DDFD424AB2466004DC7C3 /* Products */,
			);
			sourceTree = "<group>";
		};
		6B9DDFD424AB2466004DC7C3 /* Products */ = {
			isa = PBXGroup;
			children = (
				6B9DDFD324AB2466004DC7C3 /* Birthday Tracker.app */,
			);
			name = Products;
			sourceTree = "<group>";
		};
		6B9DDFD524AB2466004DC7C3 /* Birthday Tracker */ = {
			isa = PBXGroup;
			children = (
				6B9DDFD624AB2466004DC7C3 /* AppDelegate.swift */,
				6B9DDFD824AB2466004DC7C3 /* SceneDelegate.swift */,
				6B9DDFDA24AB2466004DC7C3 /* AddBirthdayViewController.swift */,
				6B9DDFEF24AB3D15004DC7C3 /* BirthdaysTableViewController.swift */,
				6B9DDFDC24AB2466004DC7C3 /* Main.storyboard */,
				6B9DDFE224AB2469004DC7C3 /* Assets.xcassets */,
				6B9DDFE424AB2469004DC7C3 /* LaunchScreen.storyboard */,
				6B9DDFE724AB2469004DC7C3 /* Info.plist */,
				6B9DDFDF24AB2466004DC7C3 /* Birthday_Tracker.xcdatamodeld */,
			);
			path = "Birthday Tracker";
			sourceTree = "<group>";
		};
/* End PBXGroup section */

/* Begin PBXNativeTarget section */
		6B9DDFD224AB2466004DC7C3 /* Birthday Tracker */ = {
			isa = PBXNativeTarget;
			buildConfigurationList = 6B9DDFEA24AB2469004DC7C3 /* Build configuration list for PBXNativeTarget "Birthday Tracker" */;
			buildPhases = (
				6B9DDFCF24AB2466004DC7C3 /* Sources */,
				6B9DDFD024AB2466004DC7C3 /* Frameworks */,
				6B9DDFD124AB2466004DC7C3 /* Resources */,
			);
			buildRules = (
			);
			dependencies = (
			);
			name = "Birthday Tracker";
			productName = "Birthday Tracker";
			productReference = 6B9DDFD324AB2466004DC7C3 /* Birthday Tracker.app */;
			productType = "com.apple.product-type.application";
		};
/* End PBXNativeTarget section */

/* Begin PBXProject section */
		6B9DDFCB24AB2466004DC7C3 /* Project object */ = {
			isa = PBXProject;
			attributes = {
				LastSwiftUpdateCheck = 1150;
				LastUpgradeCheck = 1150;
				ORGANIZATIONNAME = "Eugene Kiselev";
				TargetAttributes = {
					6B9DDFD224AB2466004DC7C3 = {
						CreatedOnToolsVersion = 11.5;
					};
				};
			};
			buildConfigurationList = 6B9DDFCE24AB2466004DC7C3 /* Build configuration list for PBXProject "Birthday Tracker" */;
			compatibilityVersion = "Xcode 11.4";
			developmentRegion = en;
			hasScannedForEncodings = 0;
			knownRegions = (
				en,
				Base,
			);
			mainGroup = 6B9DDFCA24AB2466004DC7C3;
			productRefGroup = 6B9DDFD424AB2466004DC7C3 /* Products */;
			projectDirPath = "";
			projectRoot = "";
			targets = (
				6B9DDFD224AB2466004DC7C3 /* Birthday Tracker */,
			);
		};
/* End PBXProject section */

/* Begin PBXResourcesBuildPhase section */
		6B9DDFD124AB2466004DC7C3 /* Resources */ = {
			isa = PBXResourcesBuildPhase;
			buildActionMask = 2147483647;
			files = (
				6B9DDFE624AB2469004DC7C3 /* LaunchScreen.storyboard in Resources */,
				6B9DDFE324AB2469004DC7C3 /* Assets.xcassets in Resources */,
				6B9DDFDE24AB2466004DC7C3 /* Main.storyboard in Resources */,
			);
			runOnlyForDeploymentPostprocessing = 0;
		};
/* End PBXResourcesBuildPhase section */

/* Begin PBXSourcesBuildPhase section */
		6B9DDFCF24AB2466004DC7C3 /* Sources */ = {
			isa = PBXSourcesBuildPhase;
			buildActionMask = 2147483647;
			files = (
				6B9DDFF024AB3D15004DC7C3 /* BirthdaysTableViewController.swift in Sources */,
				6B9DDFDB24AB2466004DC7C3 /* AddBirthdayViewController.swift in Sources */,
				6B9DDFD724AB2466004DC7C3 /* AppDelegate.swift in Sources */,
				6B9DDFD924AB2466004DC7C3 /* SceneDelegate.swift in Sources */,
				6B9DDFE124AB2466004DC7C3 /* Birthday_Tracker.xcdatamodeld in Sources */,
			);
			runOnlyForDeploymentPostprocessing = 0;
		};
/* End PBXSourcesBuildPhase section */

/* Begin PBXVariantGroup section */
		6B9DDFDC24AB2466004DC7C3 /* Main.storyboard */ = {
			isa = PBXVariantGroup;
			children = (
				6B9DDFDD24AB2466004DC7C3 /* Base */,
			);
			name = Main.storyboard;
			sourceTree = "<group>";
		};
		6B9DDFE424AB2469004DC7C3 /* LaunchScreen.storyboard */ = {
			isa = PBXVariantGroup;
			children = (
				6B9DDFE524AB2469004DC7C3 /* Base */,
			);
			name = LaunchScreen.storyboard;
			sourceTree = "<group>";
		};
/* End PBXVariantGroup section */

/* Begin XCBuildConfiguration section */
		6B9DDFE824AB2469004DC7C3 /* Debug */ = {
			isa = XCBuildConfiguration;
			buildSettings = {
				ALWAYS_SEARCH_USER_PATHS = NO;
				CLANG_ANALYZER_NONNULL = YES;
				CLANG_ANALYZER_NUMBER_OBJECT_CONVERSION = YES_AGGRESSIVE;
				CLANG_CXX_LANGUAGE_STANDARD = "gnu++14";
				CLANG_CXX_LIBRARY = "libc++";
				CLANG_ENABLE_MODULES = YES;
				CLANG_ENABLE_OBJC_ARC = YES;
				CLANG_ENABLE_OBJC_WEAK = YES;
				CLANG_WARN_BLOCK_CAPTURE_AUTORELEASING = YES;
				CLANG_WARN_BOOL_CONVERSION = YES;
				CLANG_WARN_COMMA = YES;
				CLANG_WARN_CONSTANT_CONVERSION = YES;
				CLANG_WARN_DEPRECATED_OBJC_IMPLEMENTATIONS = YES;
				CLANG_WARN_DIRECT_OBJC_ISA_USAGE = YES_ERROR;
				CLANG_WARN_DOCUMENTATION_COMMENTS = YES;
				CLANG_WARN_EMPTY_BODY = YES;
				CLANG_WARN_ENUM_CONVERSION = YES;
				CLANG_WARN_INFINITE_RECURSION = YES;
				CLANG_WARN_INT_CONVERSION = YES;
				CLANG_WARN_NON_LITERAL_NULL_CONVERSION = YES;
				CLANG_WARN_OBJC_IMPLICIT_RETAIN_SELF = YES;
				CLANG_WARN_OBJC_LITERAL_CONVERSION = YES;
				CLANG_WARN_OBJC_ROOT_CLASS = YES_ERROR;
				CLANG_WARN_RANGE_LOOP_ANALYSIS = YES;
				CLANG_WARN_STRICT_PROTOTYPES = YES;
				CLANG_WARN_SUSPICIOUS_MOVE = YES;
				CLANG_WARN_UNGUARDED_AVAILABILITY = YES_AGGRESSIVE;
				CLANG_WARN_UNREACHABLE_CODE = YES;
				CLANG_WARN__DUPLICATE_METHOD_MATCH = YES;
				COPY_PHASE_STRIP = NO;
				DEBUG_INFORMATION_FORMAT = dwarf;
				ENABLE_STRICT_OBJC_MSGSEND = YES;
				ENABLE_TESTABILITY = YES;
				GCC_C_LANGUAGE_STANDARD = gnu11;
				GCC_DYNAMIC_NO_PIC = NO;
				GCC_NO_COMMON_BLOCKS = YES;
				GCC_OPTIMIZATION_LEVEL = 0;
				GCC_PREPROCESSOR_DEFINITIONS = (
					"DEBUG=1",
					"$(inherited)",
				);
				GCC_WARN_64_TO_32_BIT_CONVERSION = YES;
				GCC_WARN_ABOUT_RETURN_TYPE = YES_ERROR;
				GCC_WARN_UNDECLARED_SELECTOR = YES;
				GCC_WARN_UNINITIALIZED_AUTOS = YES_AGGRESSIVE;
				GCC_WARN_UNUSED_FUNCTION = YES;
				GCC_WARN_UNUSED_VARIABLE = YES;
				IPHONEOS_DEPLOYMENT_TARGET = 13.5;
				MTL_ENABLE_DEBUG_INFO = INCLUDE_SOURCE;
				MTL_FAST_MATH = YES;
				ONLY_ACTIVE_ARCH = YES;
				SDKROOT = iphoneos;
				SWIFT_ACTIVE_COMPILATION_CONDITIONS = DEBUG;
				SWIFT_OPTIMIZATION_LEVEL = "-Onone";
			};
			name = Debug;
		};
		6B9DDFE924AB2469004DC7C3 /* Release */ = {
			isa = XCBuildConfiguration;
			buildSettings = {
				ALWAYS_SEARCH_USER_PATHS = NO;
				CLANG_ANALYZER_NONNULL = YES;
				CLANG_ANALYZER_NUMBER_OBJECT_CONVERSION = YES_AGGRESSIVE;
				CLANG_CXX_LANGUAGE_STANDARD = "gnu++14";
				CLANG_CXX_LIBRARY = "libc++";
				CLANG_ENABLE_MODULES = YES;
				CLANG_ENABLE_OBJC_ARC = YES;
				CLANG_ENABLE_OBJC_WEAK = YES;
				CLANG_WARN_BLOCK_CAPTURE_AUTORELEASING = YES;
				CLANG_WARN_BOOL_CONVERSION = YES;
				CLANG_WARN_COMMA = YES;
				CLANG_WARN_CONSTANT_CONVERSION = YES;
				CLANG_WARN_DEPRECATED_OBJC_IMPLEMENTATIONS = YES;
				CLANG_WARN_DIRECT_OBJC_ISA_USAGE = YES_ERROR;
				CLANG_WARN_DOCUMENTATION_COMMENTS = YES;
				CLANG_WARN_EMPTY_BODY = YES;
				CLANG_WARN_ENUM_CONVERSION = YES;
				CLANG_WARN_INFINITE_RECURSION = YES;
				CLANG_WARN_INT_CONVERSION = YES;
				CLANG_WARN_NON_LITERAL_NULL_CONVERSION = YES;
				CLANG_WARN_OBJC_IMPLICIT_RETAIN_SELF = YES;
				CLANG_WARN_OBJC_LITERAL_CONVERSION = YES;
				CLANG_WARN_OBJC_ROOT_CLASS = YES_ERROR;
				CLANG_WARN_RANGE_LOOP_ANALYSIS = YES;
				CLANG_WARN_STRICT_PROTOTYPES = YES;
				CLANG_WARN_SUSPICIOUS_MOVE = YES;
				CLANG_WARN_UNGUARDED_AVAILABILITY = YES_AGGRESSIVE;
				CLANG_WARN_UNREACHABLE_CODE = YES;
				CLANG_WARN__DUPLICATE_METHOD_MATCH = YES;
				COPY_PHASE_STRIP = NO;
				DEBUG_INFORMATION_FORMAT = "dwarf-with-dsym";
				ENABLE_NS_ASSERTIONS = NO;
				ENABLE_STRICT_OBJC_MSGSEND = YES;
				GCC_C_LANGUAGE_STANDARD = gnu11;
				GCC_NO_COMMON_BLOCKS = YES;
				GCC_WARN_64_TO_32_BIT_CONVERSION = YES;
				GCC_WARN_ABOUT_RETURN_TYPE = YES_ERROR;
				GCC_WARN_UNDECLARED_SELECTOR = YES;
				GCC_WARN_UNINITIALIZED_AUTOS = YES_AGGRESSIVE;
				GCC_WARN_UNUSED_FUNCTION = YES;
				GCC_WARN_UNUSED_VARIABLE = YES;
				IPHONEOS_DEPLOYMENT_TARGET = 13.5;
				MTL_ENABLE_DEBUG_INFO = NO;
				MTL_FAST_MATH = YES;
				SDKROOT = iphoneos;
				SWIFT_COMPILATION_MODE = wholemodule;
				SWIFT_OPTIMIZATION_LEVEL = "-O";
				VALIDATE_PRODUCT = YES;
			};
			name = Release;
		};
		6B9DDFEB24AB2469004DC7C3 /* Debug */ = {
			isa = XCBuildConfiguration;
			buildSettings = {
				ASSETCATALOG_COMPILER_APPICON_NAME = AppIcon;
				CODE_SIGN_STYLE = Automatic;
				DEVELOPMENT_TEAM = 7NK2FG8RG4;
				INFOPLIST_FILE = "Birthday Tracker/Info.plist";
				IPHONEOS_DEPLOYMENT_TARGET = 13.0;
				LD_RUNPATH_SEARCH_PATHS = (
					"$(inherited)",
					"@executable_path/Frameworks",
				);
				PRODUCT_BUNDLE_IDENTIFIER = "kiseleff.Birthday-Tracker";
				PRODUCT_NAME = "$(TARGET_NAME)";
				SWIFT_VERSION = 5.0;
				TARGETED_DEVICE_FAMILY = 1;
			};
			name = Debug;
		};
		6B9DDFEC24AB2469004DC7C3 /* Release */ = {
			isa = XCBuildConfiguration;
			buildSettings = {
				ASSETCATALOG_COMPILER_APPICON_NAME = AppIcon;
				CODE_SIGN_STYLE = Automatic;
				DEVELOPMENT_TEAM = 7NK2FG8RG4;
				INFOPLIST_FILE = "Birthday Tracker/Info.plist";
				IPHONEOS_DEPLOYMENT_TARGET = 13.0;
				LD_RUNPATH_SEARCH_PATHS = (
					"$(inherited)",
					"@executable_path/Frameworks",
				);
				PRODUCT_BUNDLE_IDENTIFIER = "kiseleff.Birthday-Tracker";
				PRODUCT_NAME = "$(TARGET_NAME)";
				SWIFT_VERSION = 5.0;
				TARGETED_DEVICE_FAMILY = 1;
			};
			name = Release;
		};
/* End XCBuildConfiguration section */

/* Begin XCConfigurationList section */
		6B9DDFCE24AB2466004DC7C3 /* Build configuration list for PBXProject "Birthday Tracker" */ = {
			isa = XCConfigurationList;
			buildConfigurations = (
				6B9DDFE824AB2469004DC7C3 /* Debug */,
				6B9DDFE924AB2469004DC7C3 /* Release */,
			);
			defaultConfigurationIsVisible = 0;
			defaultConfigurationName = Release;
		};
		6B9DDFEA24AB2469004DC7C3 /* Build configuration list for PBXNativeTarget "Birthday Tracker" */ = {
			isa = XCConfigurationList;
			buildConfigurations = (
				6B9DDFEB24AB2469004DC7C3 /* Debug */,
				6B9DDFEC24AB2469004DC7C3 /* Release */,
			);
			defaultConfigurationIsVisible = 0;
			defaultConfigurationName = Release;
		};
/* End XCConfigurationList section */

/* Begin XCVersionGroup section */
		6B9DDFDF24AB2466004DC7C3 /* Birthday_Tracker.xcdatamodeld */ = {
			isa = XCVersionGroup;
			children = (
				6B9DDFE024AB2466004DC7C3 /* Birthday_Tracker.xcdatamodel */,
			);
			currentVersion = 6B9DDFE024AB2466004DC7C3 /* Birthday_Tracker.xcdatamodel */;
			path = Birthday_Tracker.xcdatamodeld;
			sourceTree = "<group>";
			versionGroupType = wrapper.xcdatamodel;
		};
/* End XCVersionGroup section */
	};
	rootObject = 6B9DDFCB24AB2466004DC7C3 /* Project object */;
}
